// !$*UTF8*$!
{
	archiveVersion = 1;
	classes = {
	};
	objectVersion = 46;
	objects = {

/* Begin PBXBuildFile section */
		03B51F02B84627472BAB6F77 /* Pods_Orion_OrionTests.framework in Frameworks */ = {isa = PBXBuildFile; fileRef = 3DA3DC5FD620A31E29510939 /* Pods_Orion_OrionTests.framework */; };
		474AC4178A407A0153BD514C /* Pods_OrionTests.framework in Frameworks */ = {isa = PBXBuildFile; fileRef = EA1AEBAAD10599634A9D36F6 /* Pods_OrionTests.framework */; };
		790F998F1F48A717006F08C1 /* AppDelegate.swift in Sources */ = {isa = PBXBuildFile; fileRef = 790F998E1F48A717006F08C1 /* AppDelegate.swift */; };
		790F99911F48A717006F08C1 /* ViewController.swift in Sources */ = {isa = PBXBuildFile; fileRef = 790F99901F48A717006F08C1 /* ViewController.swift */; };
		790F99941F48A717006F08C1 /* Main.storyboard in Resources */ = {isa = PBXBuildFile; fileRef = 790F99921F48A717006F08C1 /* Main.storyboard */; };
		790F99971F48A717006F08C1 /* Orion.xcdatamodeld in Sources */ = {isa = PBXBuildFile; fileRef = 790F99951F48A717006F08C1 /* Orion.xcdatamodeld */; };
		790F99991F48A717006F08C1 /* Assets.xcassets in Resources */ = {isa = PBXBuildFile; fileRef = 790F99981F48A717006F08C1 /* Assets.xcassets */; };
		790F999C1F48A717006F08C1 /* LaunchScreen.storyboard in Resources */ = {isa = PBXBuildFile; fileRef = 790F999A1F48A717006F08C1 /* LaunchScreen.storyboard */; };
		790F99A71F48A717006F08C1 /* OrionTests.swift in Sources */ = {isa = PBXBuildFile; fileRef = 790F99A61F48A717006F08C1 /* OrionTests.swift */; };
		790F99B21F48A717006F08C1 /* OrionUITests.swift in Sources */ = {isa = PBXBuildFile; fileRef = 790F99B11F48A717006F08C1 /* OrionUITests.swift */; };
		791078231F49F1A8002130AF /* LoginView.swift in Sources */ = {isa = PBXBuildFile; fileRef = 791078221F49F1A8002130AF /* LoginView.swift */; };
		79423E011F51F0C900EFFD9E /* ProfileView.storyboard in Resources */ = {isa = PBXBuildFile; fileRef = 79423E001F51F0C900EFFD9E /* ProfileView.storyboard */; };
		79F546311F527D8600ED8B19 /* ProfileViewController.swift in Sources */ = {isa = PBXBuildFile; fileRef = 79F546301F527D8600ED8B19 /* ProfileViewController.swift */; };
		B8A6923A4184D15DC764B06D /* Pods_OrionUITests.framework in Frameworks */ = {isa = PBXBuildFile; fileRef = 45A9C4E066721F48E12DA05F /* Pods_OrionUITests.framework */; };
		F528F4CA5D7B36D16C772DF0 /* Pods_Orion.framework in Frameworks */ = {isa = PBXBuildFile; fileRef = BFAB72F237691605E25AD8AB /* Pods_Orion.framework */; };
/* End PBXBuildFile section */

/* Begin PBXContainerItemProxy section */
		790F99A31F48A717006F08C1 /* PBXContainerItemProxy */ = {
			isa = PBXContainerItemProxy;
			containerPortal = 790F99831F48A717006F08C1 /* Project object */;
			proxyType = 1;
			remoteGlobalIDString = 790F998A1F48A717006F08C1;
			remoteInfo = Orion;
		};
		790F99AE1F48A717006F08C1 /* PBXContainerItemProxy */ = {
			isa = PBXContainerItemProxy;
			containerPortal = 790F99831F48A717006F08C1 /* Project object */;
			proxyType = 1;
			remoteGlobalIDString = 790F998A1F48A717006F08C1;
			remoteInfo = Orion;
		};
/* End PBXContainerItemProxy section */

/* Begin PBXFileReference section */
		06499BC57FAED0F090E6C603 /* Pods-Orion-OrionTests.debug.xcconfig */ = {isa = PBXFileReference; includeInIndex = 1; lastKnownFileType = text.xcconfig; name = "Pods-Orion-OrionTests.debug.xcconfig"; path = "Pods/Target Support Files/Pods-Orion-OrionTests/Pods-Orion-OrionTests.debug.xcconfig"; sourceTree = "<group>"; };
		37D1AD065C4E45E875DA1ADE /* Pods-OrionUITests.debug.xcconfig */ = {isa = PBXFileReference; includeInIndex = 1; lastKnownFileType = text.xcconfig; name = "Pods-OrionUITests.debug.xcconfig"; path = "Pods/Target Support Files/Pods-OrionUITests/Pods-OrionUITests.debug.xcconfig"; sourceTree = "<group>"; };
		3DA3DC5FD620A31E29510939 /* Pods_Orion_OrionTests.framework */ = {isa = PBXFileReference; explicitFileType = wrapper.framework; includeInIndex = 0; path = Pods_Orion_OrionTests.framework; sourceTree = BUILT_PRODUCTS_DIR; };
		3DF6E56E515F243A3DED443E /* Pods-Orion.release.xcconfig */ = {isa = PBXFileReference; includeInIndex = 1; lastKnownFileType = text.xcconfig; name = "Pods-Orion.release.xcconfig"; path = "Pods/Target Support Files/Pods-Orion/Pods-Orion.release.xcconfig"; sourceTree = "<group>"; };
		45A9C4E066721F48E12DA05F /* Pods_OrionUITests.framework */ = {isa = PBXFileReference; explicitFileType = wrapper.framework; includeInIndex = 0; path = Pods_OrionUITests.framework; sourceTree = BUILT_PRODUCTS_DIR; };
		4F34A5840A948209CAD3A773 /* Pods-OrionUITests.release.xcconfig */ = {isa = PBXFileReference; includeInIndex = 1; lastKnownFileType = text.xcconfig; name = "Pods-OrionUITests.release.xcconfig"; path = "Pods/Target Support Files/Pods-OrionUITests/Pods-OrionUITests.release.xcconfig"; sourceTree = "<group>"; };
		790F998B1F48A717006F08C1 /* Orion.app */ = {isa = PBXFileReference; explicitFileType = wrapper.application; includeInIndex = 0; path = Orion.app; sourceTree = BUILT_PRODUCTS_DIR; };
		790F998E1F48A717006F08C1 /* AppDelegate.swift */ = {isa = PBXFileReference; lastKnownFileType = sourcecode.swift; path = AppDelegate.swift; sourceTree = "<group>"; };
		790F99901F48A717006F08C1 /* ViewController.swift */ = {isa = PBXFileReference; lastKnownFileType = sourcecode.swift; path = ViewController.swift; sourceTree = "<group>"; };
		790F99931F48A717006F08C1 /* Base */ = {isa = PBXFileReference; lastKnownFileType = file.storyboard; name = Base; path = Base.lproj/Main.storyboard; sourceTree = "<group>"; };
		790F99961F48A717006F08C1 /* Orion.xcdatamodel */ = {isa = PBXFileReference; lastKnownFileType = wrapper.xcdatamodel; path = Orion.xcdatamodel; sourceTree = "<group>"; };
		790F99981F48A717006F08C1 /* Assets.xcassets */ = {isa = PBXFileReference; lastKnownFileType = folder.assetcatalog; path = Assets.xcassets; sourceTree = "<group>"; };
		790F999B1F48A717006F08C1 /* Base */ = {isa = PBXFileReference; lastKnownFileType = file.storyboard; name = Base; path = Base.lproj/LaunchScreen.storyboard; sourceTree = "<group>"; };
		790F999D1F48A717006F08C1 /* Info.plist */ = {isa = PBXFileReference; lastKnownFileType = text.plist.xml; path = Info.plist; sourceTree = "<group>"; };
		790F99A21F48A717006F08C1 /* OrionTests.xctest */ = {isa = PBXFileReference; explicitFileType = wrapper.cfbundle; includeInIndex = 0; path = OrionTests.xctest; sourceTree = BUILT_PRODUCTS_DIR; };
		790F99A61F48A717006F08C1 /* OrionTests.swift */ = {isa = PBXFileReference; lastKnownFileType = sourcecode.swift; path = OrionTests.swift; sourceTree = "<group>"; };
		790F99A81F48A717006F08C1 /* Info.plist */ = {isa = PBXFileReference; lastKnownFileType = text.plist.xml; path = Info.plist; sourceTree = "<group>"; };
		790F99AD1F48A717006F08C1 /* OrionUITests.xctest */ = {isa = PBXFileReference; explicitFileType = wrapper.cfbundle; includeInIndex = 0; path = OrionUITests.xctest; sourceTree = BUILT_PRODUCTS_DIR; };
		790F99B11F48A717006F08C1 /* OrionUITests.swift */ = {isa = PBXFileReference; lastKnownFileType = sourcecode.swift; path = OrionUITests.swift; sourceTree = "<group>"; };
		790F99B31F48A717006F08C1 /* Info.plist */ = {isa = PBXFileReference; lastKnownFileType = text.plist.xml; path = Info.plist; sourceTree = "<group>"; };
		791078221F49F1A8002130AF /* LoginView.swift */ = {isa = PBXFileReference; fileEncoding = 4; lastKnownFileType = sourcecode.swift; path = LoginView.swift; sourceTree = "<group>"; };
		79423E001F51F0C900EFFD9E /* ProfileView.storyboard */ = {isa = PBXFileReference; fileEncoding = 4; lastKnownFileType = file.storyboard; path = ProfileView.storyboard; sourceTree = "<group>"; };
		79F546301F527D8600ED8B19 /* ProfileViewController.swift */ = {isa = PBXFileReference; fileEncoding = 4; lastKnownFileType = sourcecode.swift; path = ProfileViewController.swift; sourceTree = "<group>"; };
		90B54DF10A74F82AB2077804 /* Pods-Orion-OrionTests.release.xcconfig */ = {isa = PBXFileReference; includeInIndex = 1; lastKnownFileType = text.xcconfig; name = "Pods-Orion-OrionTests.release.xcconfig"; path = "Pods/Target Support Files/Pods-Orion-OrionTests/Pods-Orion-OrionTests.release.xcconfig"; sourceTree = "<group>"; };
		925453F1BD3C73EC0B15FD7C /* Pods-OrionTests.debug.xcconfig */ = {isa = PBXFileReference; includeInIndex = 1; lastKnownFileType = text.xcconfig; name = "Pods-OrionTests.debug.xcconfig"; path = "Pods/Target Support Files/Pods-OrionTests/Pods-OrionTests.debug.xcconfig"; sourceTree = "<group>"; };
		BA6877750DEFDA090157C114 /* Pods-Orion.debug.xcconfig */ = {isa = PBXFileReference; includeInIndex = 1; lastKnownFileType = text.xcconfig; name = "Pods-Orion.debug.xcconfig"; path = "Pods/Target Support Files/Pods-Orion/Pods-Orion.debug.xcconfig"; sourceTree = "<group>"; };
		BFAB72F237691605E25AD8AB /* Pods_Orion.framework */ = {isa = PBXFileReference; explicitFileType = wrapper.framework; includeInIndex = 0; path = Pods_Orion.framework; sourceTree = BUILT_PRODUCTS_DIR; };
		EA1AEBAAD10599634A9D36F6 /* Pods_OrionTests.framework */ = {isa = PBXFileReference; explicitFileType = wrapper.framework; includeInIndex = 0; path = Pods_OrionTests.framework; sourceTree = BUILT_PRODUCTS_DIR; };
		EDF50BCC94744C9E1AB4AB95 /* Pods-OrionTests.release.xcconfig */ = {isa = PBXFileReference; includeInIndex = 1; lastKnownFileType = text.xcconfig; name = "Pods-OrionTests.release.xcconfig"; path = "Pods/Target Support Files/Pods-OrionTests/Pods-OrionTests.release.xcconfig"; sourceTree = "<group>"; };
/* End PBXFileReference section */

/* Begin PBXFrameworksBuildPhase section */
		790F99881F48A717006F08C1 /* Frameworks */ = {
			isa = PBXFrameworksBuildPhase;
			buildActionMask = 2147483647;
			files = (
				F528F4CA5D7B36D16C772DF0 /* Pods_Orion.framework in Frameworks */,
			);
			runOnlyForDeploymentPostprocessing = 0;
		};
		790F999F1F48A717006F08C1 /* Frameworks */ = {
			isa = PBXFrameworksBuildPhase;
			buildActionMask = 2147483647;
			files = (
				474AC4178A407A0153BD514C /* Pods_OrionTests.framework in Frameworks */,
				03B51F02B84627472BAB6F77 /* Pods_Orion_OrionTests.framework in Frameworks */,
			);
			runOnlyForDeploymentPostprocessing = 0;
		};
		790F99AA1F48A717006F08C1 /* Frameworks */ = {
			isa = PBXFrameworksBuildPhase;
			buildActionMask = 2147483647;
			files = (
				B8A6923A4184D15DC764B06D /* Pods_OrionUITests.framework in Frameworks */,
			);
			runOnlyForDeploymentPostprocessing = 0;
		};
/* End PBXFrameworksBuildPhase section */

/* Begin PBXGroup section */
		790F99821F48A717006F08C1 = {
			isa = PBXGroup;
			children = (
				790F998D1F48A717006F08C1 /* Orion */,
				790F99A51F48A717006F08C1 /* OrionTests */,
				790F99B01F48A717006F08C1 /* OrionUITests */,
				790F998C1F48A717006F08C1 /* Products */,
				A2BECB16BAA80320450A29DD /* Pods */,
				DD8DDE5EA95A12D5833FCE4A /* Frameworks */,
			);
			sourceTree = "<group>";
		};
		790F998C1F48A717006F08C1 /* Products */ = {
			isa = PBXGroup;
			children = (
				790F998B1F48A717006F08C1 /* Orion.app */,
				790F99A21F48A717006F08C1 /* OrionTests.xctest */,
				790F99AD1F48A717006F08C1 /* OrionUITests.xctest */,
			);
			name = Products;
			sourceTree = "<group>";
		};
		790F998D1F48A717006F08C1 /* Orion */ = {
			isa = PBXGroup;
			children = (
				790F998E1F48A717006F08C1 /* AppDelegate.swift */,
				790F99901F48A717006F08C1 /* ViewController.swift */,
				790F99921F48A717006F08C1 /* Main.storyboard */,
				79423E001F51F0C900EFFD9E /* ProfileView.storyboard */,
				79F546301F527D8600ED8B19 /* ProfileViewController.swift */,
				791078221F49F1A8002130AF /* LoginView.swift */,
				790F99981F48A717006F08C1 /* Assets.xcassets */,
				790F999A1F48A717006F08C1 /* LaunchScreen.storyboard */,
				790F999D1F48A717006F08C1 /* Info.plist */,
				790F99951F48A717006F08C1 /* Orion.xcdatamodeld */,
			);
			path = Orion;
			sourceTree = "<group>";
		};
		790F99A51F48A717006F08C1 /* OrionTests */ = {
			isa = PBXGroup;
			children = (
				790F99A61F48A717006F08C1 /* OrionTests.swift */,
				790F99A81F48A717006F08C1 /* Info.plist */,
			);
			path = OrionTests;
			sourceTree = "<group>";
		};
		790F99B01F48A717006F08C1 /* OrionUITests */ = {
			isa = PBXGroup;
			children = (
				790F99B11F48A717006F08C1 /* OrionUITests.swift */,
				790F99B31F48A717006F08C1 /* Info.plist */,
			);
			path = OrionUITests;
			sourceTree = "<group>";
		};
		A2BECB16BAA80320450A29DD /* Pods */ = {
			isa = PBXGroup;
			children = (
				BA6877750DEFDA090157C114 /* Pods-Orion.debug.xcconfig */,
				3DF6E56E515F243A3DED443E /* Pods-Orion.release.xcconfig */,
				925453F1BD3C73EC0B15FD7C /* Pods-OrionTests.debug.xcconfig */,
				EDF50BCC94744C9E1AB4AB95 /* Pods-OrionTests.release.xcconfig */,
				37D1AD065C4E45E875DA1ADE /* Pods-OrionUITests.debug.xcconfig */,
				4F34A5840A948209CAD3A773 /* Pods-OrionUITests.release.xcconfig */,
				06499BC57FAED0F090E6C603 /* Pods-Orion-OrionTests.debug.xcconfig */,
				90B54DF10A74F82AB2077804 /* Pods-Orion-OrionTests.release.xcconfig */,
			);
			name = Pods;
			sourceTree = "<group>";
		};
		DD8DDE5EA95A12D5833FCE4A /* Frameworks */ = {
			isa = PBXGroup;
			children = (
				BFAB72F237691605E25AD8AB /* Pods_Orion.framework */,
				EA1AEBAAD10599634A9D36F6 /* Pods_OrionTests.framework */,
				45A9C4E066721F48E12DA05F /* Pods_OrionUITests.framework */,
				3DA3DC5FD620A31E29510939 /* Pods_Orion_OrionTests.framework */,
			);
			name = Frameworks;
			sourceTree = "<group>";
		};
/* End PBXGroup section */

/* Begin PBXNativeTarget section */
		790F998A1F48A717006F08C1 /* Orion */ = {
			isa = PBXNativeTarget;
			buildConfigurationList = 790F99B61F48A717006F08C1 /* Build configuration list for PBXNativeTarget "Orion" */;
			buildPhases = (
				A8B685585133F87E97B32874 /* [CP] Check Pods Manifest.lock */,
				790F99871F48A717006F08C1 /* Sources */,
				790F99881F48A717006F08C1 /* Frameworks */,
				790F99891F48A717006F08C1 /* Resources */,
				870C102B9CC569035DCA3911 /* [CP] Embed Pods Frameworks */,
				C9DBA3E59670DE33584B6AC0 /* [CP] Copy Pods Resources */,
			);
			buildRules = (
			);
			dependencies = (
			);
			name = Orion;
			productName = Orion;
			productReference = 790F998B1F48A717006F08C1 /* Orion.app */;
			productType = "com.apple.product-type.application";
		};
		790F99A11F48A717006F08C1 /* OrionTests */ = {
			isa = PBXNativeTarget;
			buildConfigurationList = 790F99B91F48A717006F08C1 /* Build configuration list for PBXNativeTarget "OrionTests" */;
			buildPhases = (
				486654E8D0E109D68E6F9635 /* [CP] Check Pods Manifest.lock */,
				790F999E1F48A717006F08C1 /* Sources */,
				790F999F1F48A717006F08C1 /* Frameworks */,
				790F99A01F48A717006F08C1 /* Resources */,
				64DC10ABE25B6C2DF006EECC /* [CP] Embed Pods Frameworks */,
				E1F8B2EDF3D22B00C7A7863E /* [CP] Copy Pods Resources */,
			);
			buildRules = (
			);
			dependencies = (
				790F99A41F48A717006F08C1 /* PBXTargetDependency */,
			);
			name = OrionTests;
			productName = OrionTests;
			productReference = 790F99A21F48A717006F08C1 /* OrionTests.xctest */;
			productType = "com.apple.product-type.bundle.unit-test";
		};
		790F99AC1F48A717006F08C1 /* OrionUITests */ = {
			isa = PBXNativeTarget;
			buildConfigurationList = 790F99BC1F48A717006F08C1 /* Build configuration list for PBXNativeTarget "OrionUITests" */;
			buildPhases = (
				6CFA2F29AA110EDBA9410DC2 /* [CP] Check Pods Manifest.lock */,
				790F99A91F48A717006F08C1 /* Sources */,
				790F99AA1F48A717006F08C1 /* Frameworks */,
				790F99AB1F48A717006F08C1 /* Resources */,
				4850562AF90A4164B98417CF /* [CP] Embed Pods Frameworks */,
				262804B917E6B784FFCEA405 /* [CP] Copy Pods Resources */,
			);
			buildRules = (
			);
			dependencies = (
				790F99AF1F48A717006F08C1 /* PBXTargetDependency */,
			);
			name = OrionUITests;
			productName = OrionUITests;
			productReference = 790F99AD1F48A717006F08C1 /* OrionUITests.xctest */;
			productType = "com.apple.product-type.bundle.ui-testing";
		};
/* End PBXNativeTarget section */

/* Begin PBXProject section */
		790F99831F48A717006F08C1 /* Project object */ = {
			isa = PBXProject;
			attributes = {
				LastSwiftUpdateCheck = 0830;
				LastUpgradeCheck = 0830;
				ORGANIZATIONNAME = NarenKrishnaa;
				TargetAttributes = {
					790F998A1F48A717006F08C1 = {
						CreatedOnToolsVersion = 8.3.3;
						ProvisioningStyle = Automatic;
					};
					790F99A11F48A717006F08C1 = {
						CreatedOnToolsVersion = 8.3.3;
						ProvisioningStyle = Automatic;
						TestTargetID = 790F998A1F48A717006F08C1;
					};
					790F99AC1F48A717006F08C1 = {
						CreatedOnToolsVersion = 8.3.3;
						ProvisioningStyle = Automatic;
						TestTargetID = 790F998A1F48A717006F08C1;
					};
				};
			};
			buildConfigurationList = 790F99861F48A717006F08C1 /* Build configuration list for PBXProject "Orion" */;
			compatibilityVersion = "Xcode 3.2";
			developmentRegion = English;
			hasScannedForEncodings = 0;
			knownRegions = (
				en,
				Base,
			);
			mainGroup = 790F99821F48A717006F08C1;
			productRefGroup = 790F998C1F48A717006F08C1 /* Products */;
			projectDirPath = "";
			projectRoot = "";
			targets = (
				790F998A1F48A717006F08C1 /* Orion */,
				790F99A11F48A717006F08C1 /* OrionTests */,
				790F99AC1F48A717006F08C1 /* OrionUITests */,
			);
		};
/* End PBXProject section */

/* Begin PBXResourcesBuildPhase section */
		790F99891F48A717006F08C1 /* Resources */ = {
			isa = PBXResourcesBuildPhase;
			buildActionMask = 2147483647;
			files = (
				790F999C1F48A717006F08C1 /* LaunchScreen.storyboard in Resources */,
				790F99991F48A717006F08C1 /* Assets.xcassets in Resources */,
				79423E011F51F0C900EFFD9E /* ProfileView.storyboard in Resources */,
				790F99941F48A717006F08C1 /* Main.storyboard in Resources */,
			);
			runOnlyForDeploymentPostprocessing = 0;
		};
		790F99A01F48A717006F08C1 /* Resources */ = {
			isa = PBXResourcesBuildPhase;
			buildActionMask = 2147483647;
			files = (
			);
			runOnlyForDeploymentPostprocessing = 0;
		};
		790F99AB1F48A717006F08C1 /* Resources */ = {
			isa = PBXResourcesBuildPhase;
			buildActionMask = 2147483647;
			files = (
			);
			runOnlyForDeploymentPostprocessing = 0;
		};
/* End PBXResourcesBuildPhase section */

/* Begin PBXShellScriptBuildPhase section */
		262804B917E6B784FFCEA405 /* [CP] Copy Pods Resources */ = {
			isa = PBXShellScriptBuildPhase;
			buildActionMask = 2147483647;
			files = (
			);
			inputPaths = (
			);
			name = "[CP] Copy Pods Resources";
			outputPaths = (
			);
			runOnlyForDeploymentPostprocessing = 0;
			shellPath = /bin/sh;
			shellScript = "\"${SRCROOT}/Pods/Target Support Files/Pods-OrionUITests/Pods-OrionUITests-resources.sh\"\n";
			showEnvVarsInLog = 0;
		};
		4850562AF90A4164B98417CF /* [CP] Embed Pods Frameworks */ = {
			isa = PBXShellScriptBuildPhase;
			buildActionMask = 2147483647;
			files = (
			);
			inputPaths = (
			);
			name = "[CP] Embed Pods Frameworks";
			outputPaths = (
			);
			runOnlyForDeploymentPostprocessing = 0;
			shellPath = /bin/sh;
			shellScript = "\"${SRCROOT}/Pods/Target Support Files/Pods-OrionUITests/Pods-OrionUITests-frameworks.sh\"\n";
			showEnvVarsInLog = 0;
		};
		486654E8D0E109D68E6F9635 /* [CP] Check Pods Manifest.lock */ = {
			isa = PBXShellScriptBuildPhase;
			buildActionMask = 2147483647;
			files = (
			);
			inputPaths = (
				"${PODS_PODFILE_DIR_PATH}/Podfile.lock",
				"${PODS_ROOT}/Manifest.lock",
			);
			name = "[CP] Check Pods Manifest.lock";
			outputPaths = (
				"$(DERIVED_FILE_DIR)/Pods-Orion-OrionTests-checkManifestLockResult.txt",
			);
			runOnlyForDeploymentPostprocessing = 0;
			shellPath = /bin/sh;
			shellScript = "diff \"${PODS_PODFILE_DIR_PATH}/Podfile.lock\" \"${PODS_ROOT}/Manifest.lock\" > /dev/null\nif [ $? != 0 ] ; then\n    # print error to STDERR\n    echo \"error: The sandbox is not in sync with the Podfile.lock. Run 'pod install' or update your CocoaPods installation.\" >&2\n    exit 1\nfi\n# This output is used by Xcode 'outputs' to avoid re-running this script phase.\necho \"SUCCESS\" > \"${SCRIPT_OUTPUT_FILE_0}\"\n";
			showEnvVarsInLog = 0;
		};
		64DC10ABE25B6C2DF006EECC /* [CP] Embed Pods Frameworks */ = {
			isa = PBXShellScriptBuildPhase;
			buildActionMask = 2147483647;
			files = (
			);
			inputPaths = (
				"${SRCROOT}/Pods/Target Support Files/Pods-Orion-OrionTests/Pods-Orion-OrionTests-frameworks.sh",
				"${BUILT_PRODUCTS_DIR}/Alamofire/Alamofire.framework",
			);
			name = "[CP] Embed Pods Frameworks";
			outputPaths = (
				"${TARGET_BUILD_DIR}/${FRAMEWORKS_FOLDER_PATH}/Alamofire.framework",
			);
			runOnlyForDeploymentPostprocessing = 0;
			shellPath = /bin/sh;
			shellScript = "\"${SRCROOT}/Pods/Target Support Files/Pods-Orion-OrionTests/Pods-Orion-OrionTests-frameworks.sh\"\n";
			showEnvVarsInLog = 0;
		};
		6CFA2F29AA110EDBA9410DC2 /* [CP] Check Pods Manifest.lock */ = {
			isa = PBXShellScriptBuildPhase;
			buildActionMask = 2147483647;
			files = (
			);
			inputPaths = (
				"${PODS_PODFILE_DIR_PATH}/Podfile.lock",
				"${PODS_ROOT}/Manifest.lock",
			);
			name = "[CP] Check Pods Manifest.lock";
			outputPaths = (
				"$(DERIVED_FILE_DIR)/Pods-OrionUITests-checkManifestLockResult.txt",
			);
			runOnlyForDeploymentPostprocessing = 0;
			shellPath = /bin/sh;
			shellScript = "diff \"${PODS_PODFILE_DIR_PATH}/Podfile.lock\" \"${PODS_ROOT}/Manifest.lock\" > /dev/null\nif [ $? != 0 ] ; then\n    # print error to STDERR\n    echo \"error: The sandbox is not in sync with the Podfile.lock. Run 'pod install' or update your CocoaPods installation.\" >&2\n    exit 1\nfi\n# This output is used by Xcode 'outputs' to avoid re-running this script phase.\necho \"SUCCESS\" > \"${SCRIPT_OUTPUT_FILE_0}\"\n";
			showEnvVarsInLog = 0;
		};
		870C102B9CC569035DCA3911 /* [CP] Embed Pods Frameworks */ = {
			isa = PBXShellScriptBuildPhase;
			buildActionMask = 2147483647;
			files = (
			);
			inputPaths = (
			);
			name = "[CP] Embed Pods Frameworks";
			outputPaths = (
			);
			runOnlyForDeploymentPostprocessing = 0;
			shellPath = /bin/sh;
			shellScript = "\"${SRCROOT}/Pods/Target Support Files/Pods-Orion/Pods-Orion-frameworks.sh\"\n";
			showEnvVarsInLog = 0;
		};
		A8B685585133F87E97B32874 /* [CP] Check Pods Manifest.lock */ = {
			isa = PBXShellScriptBuildPhase;
			buildActionMask = 2147483647;
			files = (
			);
			inputPaths = (
				"${PODS_PODFILE_DIR_PATH}/Podfile.lock",
				"${PODS_ROOT}/Manifest.lock",
			);
			name = "[CP] Check Pods Manifest.lock";
			outputPaths = (
				"$(DERIVED_FILE_DIR)/Pods-Orion-checkManifestLockResult.txt",
			);
			runOnlyForDeploymentPostprocessing = 0;
			shellPath = /bin/sh;
			shellScript = "diff \"${PODS_PODFILE_DIR_PATH}/Podfile.lock\" \"${PODS_ROOT}/Manifest.lock\" > /dev/null\nif [ $? != 0 ] ; then\n    # print error to STDERR\n    echo \"error: The sandbox is not in sync with the Podfile.lock. Run 'pod install' or update your CocoaPods installation.\" >&2\n    exit 1\nfi\n# This output is used by Xcode 'outputs' to avoid re-running this script phase.\necho \"SUCCESS\" > \"${SCRIPT_OUTPUT_FILE_0}\"\n";
			showEnvVarsInLog = 0;
		};
		C9DBA3E59670DE33584B6AC0 /* [CP] Copy Pods Resources */ = {
			isa = PBXShellScriptBuildPhase;
			buildActionMask = 2147483647;
			files = (
			);
			inputPaths = (
			);
			name = "[CP] Copy Pods Resources";
			outputPaths = (
			);
			runOnlyForDeploymentPostprocessing = 0;
			shellPath = /bin/sh;
			shellScript = "\"${SRCROOT}/Pods/Target Support Files/Pods-Orion/Pods-Orion-resources.sh\"\n";
			showEnvVarsInLog = 0;
		};
		E1F8B2EDF3D22B00C7A7863E /* [CP] Copy Pods Resources */ = {
			isa = PBXShellScriptBuildPhase;
			buildActionMask = 2147483647;
			files = (
			);
			inputPaths = (
			);
			name = "[CP] Copy Pods Resources";
			outputPaths = (
			);
			runOnlyForDeploymentPostprocessing = 0;
			shellPath = /bin/sh;
			shellScript = "\"${SRCROOT}/Pods/Target Support Files/Pods-Orion-OrionTests/Pods-Orion-OrionTests-resources.sh\"\n";
			showEnvVarsInLog = 0;
		};
/* End PBXShellScriptBuildPhase section */

/* Begin PBXSourcesBuildPhase section */
		790F99871F48A717006F08C1 /* Sources */ = {
			isa = PBXSourcesBuildPhase;
			buildActionMask = 2147483647;
			files = (
				79F546311F527D8600ED8B19 /* ProfileViewController.swift in Sources */,
				790F99971F48A717006F08C1 /* Orion.xcdatamodeld in Sources */,
				790F99911F48A717006F08C1 /* ViewController.swift in Sources */,
				791078231F49F1A8002130AF /* LoginView.swift in Sources */,
				790F998F1F48A717006F08C1 /* AppDelegate.swift in Sources */,
			);
			runOnlyForDeploymentPostprocessing = 0;
		};
		790F999E1F48A717006F08C1 /* Sources */ = {
			isa = PBXSourcesBuildPhase;
			buildActionMask = 2147483647;
			files = (
				790F99A71F48A717006F08C1 /* OrionTests.swift in Sources */,
			);
			runOnlyForDeploymentPostprocessing = 0;
		};
		790F99A91F48A717006F08C1 /* Sources */ = {
			isa = PBXSourcesBuildPhase;
			buildActionMask = 2147483647;
			files = (
				790F99B21F48A717006F08C1 /* OrionUITests.swift in Sources */,
			);
			runOnlyForDeploymentPostprocessing = 0;
		};
/* End PBXSourcesBuildPhase section */

/* Begin PBXTargetDependency section */
		790F99A41F48A717006F08C1 /* PBXTargetDependency */ = {
			isa = PBXTargetDependency;
			target = 790F998A1F48A717006F08C1 /* Orion */;
			targetProxy = 790F99A31F48A717006F08C1 /* PBXContainerItemProxy */;
		};
		790F99AF1F48A717006F08C1 /* PBXTargetDependency */ = {
			isa = PBXTargetDependency;
			target = 790F998A1F48A717006F08C1 /* Orion */;
			targetProxy = 790F99AE1F48A717006F08C1 /* PBXContainerItemProxy */;
		};
/* End PBXTargetDependency section */

/* Begin PBXVariantGroup section */
		790F99921F48A717006F08C1 /* Main.storyboard */ = {
			isa = PBXVariantGroup;
			children = (
				790F99931F48A717006F08C1 /* Base */,
			);
			name = Main.storyboard;
			sourceTree = "<group>";
		};
		790F999A1F48A717006F08C1 /* LaunchScreen.storyboard */ = {
			isa = PBXVariantGroup;
			children = (
				790F999B1F48A717006F08C1 /* Base */,
			);
			name = LaunchScreen.storyboard;
			sourceTree = "<group>";
		};
/* End PBXVariantGroup section */

/* Begin XCBuildConfiguration section */
		790F99B41F48A717006F08C1 /* Debug */ = {
			isa = XCBuildConfiguration;
			buildSettings = {
				ALWAYS_SEARCH_USER_PATHS = NO;
				CLANG_ANALYZER_NONNULL = YES;
				CLANG_ANALYZER_NUMBER_OBJECT_CONVERSION = YES_AGGRESSIVE;
				CLANG_CXX_LANGUAGE_STANDARD = "gnu++0x";
				CLANG_CXX_LIBRARY = "libc++";
				CLANG_ENABLE_MODULES = YES;
				CLANG_ENABLE_OBJC_ARC = YES;
				CLANG_WARN_BOOL_CONVERSION = YES;
				CLANG_WARN_CONSTANT_CONVERSION = YES;
				CLANG_WARN_DIRECT_OBJC_ISA_USAGE = YES_ERROR;
				CLANG_WARN_DOCUMENTATION_COMMENTS = YES;
				CLANG_WARN_EMPTY_BODY = YES;
				CLANG_WARN_ENUM_CONVERSION = YES;
				CLANG_WARN_INFINITE_RECURSION = YES;
				CLANG_WARN_INT_CONVERSION = YES;
				CLANG_WARN_OBJC_ROOT_CLASS = YES_ERROR;
				CLANG_WARN_SUSPICIOUS_MOVE = YES;
				CLANG_WARN_UNREACHABLE_CODE = YES;
				CLANG_WARN__DUPLICATE_METHOD_MATCH = YES;
				"CODE_SIGN_IDENTITY[sdk=iphoneos*]" = "iPhone Developer";
				COPY_PHASE_STRIP = NO;
				DEBUG_INFORMATION_FORMAT = dwarf;
				ENABLE_STRICT_OBJC_MSGSEND = YES;
				ENABLE_TESTABILITY = YES;
				GCC_C_LANGUAGE_STANDARD = gnu99;
				GCC_DYNAMIC_NO_PIC = NO;
				GCC_NO_COMMON_BLOCKS = YES;
				GCC_OPTIMIZATION_LEVEL = 0;
				GCC_PREPROCESSOR_DEFINITIONS = (
					"DEBUG=1",
					"$(inherited)",
				);
				GCC_WARN_64_TO_32_BIT_CONVERSION = YES;
				GCC_WARN_ABOUT_RETURN_TYPE = YES_ERROR;
				GCC_WARN_UNDECLARED_SELECTOR = YES;
				GCC_WARN_UNINITIALIZED_AUTOS = YES_AGGRESSIVE;
				GCC_WARN_UNUSED_FUNCTION = YES;
				GCC_WARN_UNUSED_VARIABLE = YES;
				IPHONEOS_DEPLOYMENT_TARGET = 10.3;
				MTL_ENABLE_DEBUG_INFO = YES;
				ONLY_ACTIVE_ARCH = YES;
				SDKROOT = iphoneos;
				SWIFT_ACTIVE_COMPILATION_CONDITIONS = DEBUG;
				SWIFT_OPTIMIZATION_LEVEL = "-Onone";
				TARGETED_DEVICE_FAMILY = "1,2";
			};
			name = Debug;
		};
		790F99B51F48A717006F08C1 /* Release */ = {
			isa = XCBuildConfiguration;
			buildSettings = {
				ALWAYS_SEARCH_USER_PATHS = NO;
				CLANG_ANALYZER_NONNULL = YES;
				CLANG_ANALYZER_NUMBER_OBJECT_CONVERSION = YES_AGGRESSIVE;
				CLANG_CXX_LANGUAGE_STANDARD = "gnu++0x";
				CLANG_CXX_LIBRARY = "libc++";
				CLANG_ENABLE_MODULES = YES;
				CLANG_ENABLE_OBJC_ARC = YES;
				CLANG_WARN_BOOL_CONVERSION = YES;
				CLANG_WARN_CONSTANT_CONVERSION = YES;
				CLANG_WARN_DIRECT_OBJC_ISA_USAGE = YES_ERROR;
				CLANG_WARN_DOCUMENTATION_COMMENTS = YES;
				CLANG_WARN_EMPTY_BODY = YES;
				CLANG_WARN_ENUM_CONVERSION = YES;
				CLANG_WARN_INFINITE_RECURSION = YES;
				CLANG_WARN_INT_CONVERSION = YES;
				CLANG_WARN_OBJC_ROOT_CLASS = YES_ERROR;
				CLANG_WARN_SUSPICIOUS_MOVE = YES;
				CLANG_WARN_UNREACHABLE_CODE = YES;
				CLANG_WARN__DUPLICATE_METHOD_MATCH = YES;
				"CODE_SIGN_IDENTITY[sdk=iphoneos*]" = "iPhone Developer";
				COPY_PHASE_STRIP = NO;
				DEBUG_INFORMATION_FORMAT = "dwarf-with-dsym";
				ENABLE_NS_ASSERTIONS = NO;
				ENABLE_STRICT_OBJC_MSGSEND = YES;
				GCC_C_LANGUAGE_STANDARD = gnu99;
				GCC_NO_COMMON_BLOCKS = YES;
				GCC_WARN_64_TO_32_BIT_CONVERSION = YES;
				GCC_WARN_ABOUT_RETURN_TYPE = YES_ERROR;
				GCC_WARN_UNDECLARED_SELECTOR = YES;
				GCC_WARN_UNINITIALIZED_AUTOS = YES_AGGRESSIVE;
				GCC_WARN_UNUSED_FUNCTION = YES;
				GCC_WARN_UNUSED_VARIABLE = YES;
				IPHONEOS_DEPLOYMENT_TARGET = 10.3;
				MTL_ENABLE_DEBUG_INFO = NO;
				SDKROOT = iphoneos;
				SWIFT_OPTIMIZATION_LEVEL = "-Owholemodule";
				TARGETED_DEVICE_FAMILY = "1,2";
				VALIDATE_PRODUCT = YES;
			};
			name = Release;
		};
		790F99B71F48A717006F08C1 /* Debug */ = {
			isa = XCBuildConfiguration;
			baseConfigurationReference = BA6877750DEFDA090157C114 /* Pods-Orion.debug.xcconfig */;
			buildSettings = {
				ASSETCATALOG_COMPILER_APPICON_NAME = AppIcon;
				INFOPLIST_FILE = Orion/Info.plist;
				LD_RUNPATH_SEARCH_PATHS = "$(inherited) @executable_path/Frameworks";
				PRODUCT_BUNDLE_IDENTIFIER = orionRF.Orion;
				PRODUCT_NAME = "$(TARGET_NAME)";
				SWIFT_VERSION = 3.0;
			};
			name = Debug;
		};
		790F99B81F48A717006F08C1 /* Release */ = {
			isa = XCBuildConfiguration;
			baseConfigurationReference = 3DF6E56E515F243A3DED443E /* Pods-Orion.release.xcconfig */;
			buildSettings = {
				ASSETCATALOG_COMPILER_APPICON_NAME = AppIcon;
				INFOPLIST_FILE = Orion/Info.plist;
				LD_RUNPATH_SEARCH_PATHS = "$(inherited) @executable_path/Frameworks";
				PRODUCT_BUNDLE_IDENTIFIER = orionRF.Orion;
				PRODUCT_NAME = "$(TARGET_NAME)";
				SWIFT_VERSION = 3.0;
			};
			name = Release;
		};
		790F99BA1F48A717006F08C1 /* Debug */ = {
			isa = XCBuildConfiguration;
			baseConfigurationReference = 06499BC57FAED0F090E6C603 /* Pods-Orion-OrionTests.debug.xcconfig */;
			buildSettings = {
				ALWAYS_EMBED_SWIFT_STANDARD_LIBRARIES = YES;
				BUNDLE_LOADER = "$(TEST_HOST)";
				INFOPLIST_FILE = OrionTests/Info.plist;
				LD_RUNPATH_SEARCH_PATHS = "$(inherited) @executable_path/Frameworks @loader_path/Frameworks";
				PRODUCT_BUNDLE_IDENTIFIER = orionRF.OrionTests;
				PRODUCT_NAME = "$(TARGET_NAME)";
				SWIFT_VERSION = 3.0;
				TEST_HOST = "$(BUILT_PRODUCTS_DIR)/Orion.app/Orion";
			};
			name = Debug;
		};
		790F99BB1F48A717006F08C1 /* Release */ = {
			isa = XCBuildConfiguration;
			baseConfigurationReference = 90B54DF10A74F82AB2077804 /* Pods-Orion-OrionTests.release.xcconfig */;
			buildSettings = {
				ALWAYS_EMBED_SWIFT_STANDARD_LIBRARIES = YES;
				BUNDLE_LOADER = "$(TEST_HOST)";
				INFOPLIST_FILE = OrionTests/Info.plist;
				LD_RUNPATH_SEARCH_PATHS = "$(inherited) @executable_path/Frameworks @loader_path/Frameworks";
				PRODUCT_BUNDLE_IDENTIFIER = orionRF.OrionTests;
				PRODUCT_NAME = "$(TARGET_NAME)";
				SWIFT_VERSION = 3.0;
				TEST_HOST = "$(BUILT_PRODUCTS_DIR)/Orion.app/Orion";
			};
			name = Release;
		};
		790F99BD1F48A717006F08C1 /* Debug */ = {
			isa = XCBuildConfiguration;
			baseConfigurationReference = 37D1AD065C4E45E875DA1ADE /* Pods-OrionUITests.debug.xcconfig */;
			buildSettings = {
				ALWAYS_EMBED_SWIFT_STANDARD_LIBRARIES = YES;
				INFOPLIST_FILE = OrionUITests/Info.plist;
				LD_RUNPATH_SEARCH_PATHS = "$(inherited) @executable_path/Frameworks @loader_path/Frameworks";
				PRODUCT_BUNDLE_IDENTIFIER = orionRF.OrionUITests;
				PRODUCT_NAME = "$(TARGET_NAME)";
				SWIFT_VERSION = 3.0;
				TEST_TARGET_NAME = Orion;
			};
			name = Debug;
		};
		790F99BE1F48A717006F08C1 /* Release */ = {
			isa = XCBuildConfiguration;
			baseConfigurationReference = 4F34A5840A948209CAD3A773 /* Pods-OrionUITests.release.xcconfig */;
			buildSettings = {
				ALWAYS_EMBED_SWIFT_STANDARD_LIBRARIES = YES;
				INFOPLIST_FILE = OrionUITests/Info.plist;
				LD_RUNPATH_SEARCH_PATHS = "$(inherited) @executable_path/Frameworks @loader_path/Frameworks";
				PRODUCT_BUNDLE_IDENTIFIER = orionRF.OrionUITests;
				PRODUCT_NAME = "$(TARGET_NAME)";
				SWIFT_VERSION = 3.0;
				TEST_TARGET_NAME = Orion;
			};
			name = Release;
		};
/* End XCBuildConfiguration section */

/* Begin XCConfigurationList section */
		790F99861F48A717006F08C1 /* Build configuration list for PBXProject "Orion" */ = {
			isa = XCConfigurationList;
			buildConfigurations = (
				790F99B41F48A717006F08C1 /* Debug */,
				790F99B51F48A717006F08C1 /* Release */,
			);
			defaultConfigurationIsVisible = 0;
			defaultConfigurationName = Release;
		};
		790F99B61F48A717006F08C1 /* Build configuration list for PBXNativeTarget "Orion" */ = {
			isa = XCConfigurationList;
			buildConfigurations = (
				790F99B71F48A717006F08C1 /* Debug */,
				790F99B81F48A717006F08C1 /* Release */,
			);
			defaultConfigurationIsVisible = 0;
			defaultConfigurationName = Release;
		};
		790F99B91F48A717006F08C1 /* Build configuration list for PBXNativeTarget "OrionTests" */ = {
			isa = XCConfigurationList;
			buildConfigurations = (
				790F99BA1F48A717006F08C1 /* Debug */,
				790F99BB1F48A717006F08C1 /* Release */,
			);
			defaultConfigurationIsVisible = 0;
			defaultConfigurationName = Release;
		};
		790F99BC1F48A717006F08C1 /* Build configuration list for PBXNativeTarget "OrionUITests" */ = {
			isa = XCConfigurationList;
			buildConfigurations = (
				790F99BD1F48A717006F08C1 /* Debug */,
				790F99BE1F48A717006F08C1 /* Release */,
			);
			defaultConfigurationIsVisible = 0;
			defaultConfigurationName = Release;
		};
/* End XCConfigurationList section */

/* Begin XCVersionGroup section */
		790F99951F48A717006F08C1 /* Orion.xcdatamodeld */ = {
			isa = XCVersionGroup;
			children = (
				790F99961F48A717006F08C1 /* Orion.xcdatamodel */,
			);
			currentVersion = 790F99961F48A717006F08C1 /* Orion.xcdatamodel */;
			path = Orion.xcdatamodeld;
			sourceTree = "<group>";
			versionGroupType = wrapper.xcdatamodel;
		};
/* End XCVersionGroup section */
	};
	rootObject = 790F99831F48A717006F08C1 /* Project object */;
}
